
Microsoft Visual Studio Solution File, Format Version 12.00
# Visual Studio Version 16
VisualStudioVersion = 16.0.30523.141
MinimumVisualStudioVersion = 10.0.40219.1
Project("{FAE04EC0-301F-11D3-BF4B-00C04F79EFBC}") = "lab1p03-przelicznik", "lab1p03-przelicznik\lab1p03-przelicznik.csproj", "{241B9126-FA54-46DF-86FB-E412CA919D0B}"
EndProject
Global
	GlobalSection(SolutionConfigurationPlatforms) = preSolution
		Debug|Any CPU = Debug|Any CPU
		Release|Any CPU = Release|Any CPU
	EndGlobalSection
	GlobalSection(ProjectConfigurationPlatforms) = postSolution
		{241B9126-FA54-46DF-86FB-E412CA919D0B}.Debug|Any CPU.ActiveCfg = Debug|Any CPU
		{241B9126-FA54-46DF-86FB-E412CA919D0B}.Debug|Any CPU.Build.0 = Debug|Any CPU
		{241B9126-FA54-46DF-86FB-E412CA919D0B}.Release|Any CPU.ActiveCfg = Release|Any CPU
		{241B9126-FA54-46DF-86FB-E412CA919D0B}.Release|Any CPU.Build.0 = Release|Any CPU
	EndGlobalSection
	GlobalSection(SolutionProperties) = preSolution
		HideSolutionNode = FALSE
	EndGlobalSection
	GlobalSection(ExtensibilityGlobals) = postSolution
		SolutionGuid = {B180CECC-3A09-4F94-AB66-18B7E8C5EB87}
	EndGlobalSection
EndGlobal
